
Microsoft Visual Studio Solution File, Format Version 12.00
# Visual Studio Version 17
VisualStudioVersion = 17.2.32616.157
MinimumVisualStudioVersion = 10.0.40219.1
Project("{FAE04EC0-301F-11D3-BF4B-00C04F79EFBC}") = "AppLogin.Android", "AppLogin\AppLogin.Android\AppLogin.Android.csproj", "{517822EF-EDB4-4141-81E8-75D75C0FE5CF}"
EndProject
Project("{FAE04EC0-301F-11D3-BF4B-00C04F79EFBC}") = "AppLogin", "AppLogin\AppLogin\AppLogin.csproj", "{16895E97-CBA4-45C6-AE45-638B922AADD0}"
EndProject
Global
	GlobalSection(SolutionConfigurationPlatforms) = preSolution
		Debug|Any CPU = Debug|Any CPU
		Release|Any CPU = Release|Any CPU
	EndGlobalSection
	GlobalSection(ProjectConfigurationPlatforms) = postSolution
		{517822EF-EDB4-4141-81E8-75D75C0FE5CF}.Debug|Any CPU.ActiveCfg = Debug|Any CPU
		{517822EF-EDB4-4141-81E8-75D75C0FE5CF}.Debug|Any CPU.Build.0 = Debug|Any CPU
		{517822EF-EDB4-4141-81E8-75D75C0FE5CF}.Debug|Any CPU.Deploy.0 = Debug|Any CPU
		{517822EF-EDB4-4141-81E8-75D75C0FE5CF}.Release|Any CPU.ActiveCfg = Release|Any CPU
		{517822EF-EDB4-4141-81E8-75D75C0FE5CF}.Release|Any CPU.Build.0 = Release|Any CPU
		{517822EF-EDB4-4141-81E8-75D75C0FE5CF}.Release|Any CPU.Deploy.0 = Release|Any CPU
		{16895E97-CBA4-45C6-AE45-638B922AADD0}.Debug|Any CPU.ActiveCfg = Debug|Any CPU
		{16895E97-CBA4-45C6-AE45-638B922AADD0}.Debug|Any CPU.Build.0 = Debug|Any CPU
		{16895E97-CBA4-45C6-AE45-638B922AADD0}.Debug|Any CPU.Deploy.0 = Debug|Any CPU
		{16895E97-CBA4-45C6-AE45-638B922AADD0}.Release|Any CPU.ActiveCfg = Release|Any CPU
		{16895E97-CBA4-45C6-AE45-638B922AADD0}.Release|Any CPU.Build.0 = Release|Any CPU
		{16895E97-CBA4-45C6-AE45-638B922AADD0}.Release|Any CPU.Deploy.0 = Release|Any CPU
	EndGlobalSection
	GlobalSection(SolutionProperties) = preSolution
		HideSolutionNode = FALSE
	EndGlobalSection
	GlobalSection(ExtensibilityGlobals) = postSolution
		SolutionGuid = {EB0DCE79-238B-47CF-983C-F654BED402FB}
	EndGlobalSection
EndGlobal
